// !$*UTF8*$!
{
	archiveVersion = 1;
	classes = {
	};
	objectVersion = 56;
	objects = {

/* Begin PBXBuildFile section */
		A32FE301298ABD4E0016FA34 /* AppDelegate.swift in Sources */ = {isa = PBXBuildFile; fileRef = A32FE300298ABD4E0016FA34 /* AppDelegate.swift */; };
		A32FE303298ABD4E0016FA34 /* SceneDelegate.swift in Sources */ = {isa = PBXBuildFile; fileRef = A32FE302298ABD4E0016FA34 /* SceneDelegate.swift */; };
		A32FE305298ABD4E0016FA34 /* MainViewController.swift in Sources */ = {isa = PBXBuildFile; fileRef = A32FE304298ABD4E0016FA34 /* MainViewController.swift */; };
		A32FE30A298ABD4F0016FA34 /* Assets.xcassets in Resources */ = {isa = PBXBuildFile; fileRef = A32FE309298ABD4F0016FA34 /* Assets.xcassets */; };
		A32FE30D298ABD4F0016FA34 /* LaunchScreen.storyboard in Resources */ = {isa = PBXBuildFile; fileRef = A32FE30B298ABD4F0016FA34 /* LaunchScreen.storyboard */; };
		A32FE318298ABD4F0016FA34 /* KijijiTests.swift in Sources */ = {isa = PBXBuildFile; fileRef = A32FE317298ABD4F0016FA34 /* KijijiTests.swift */; };
		A32FE333298B4E420016FA34 /* UIView+Preview.swift in Sources */ = {isa = PBXBuildFile; fileRef = A32FE332298B4E420016FA34 /* UIView+Preview.swift */; };
		A32FE335298B4E670016FA34 /* UIViewController+Preview.swift in Sources */ = {isa = PBXBuildFile; fileRef = A32FE334298B4E670016FA34 /* UIViewController+Preview.swift */; };
		A32FE337298B4FAB0016FA34 /* HomeViewController.swift in Sources */ = {isa = PBXBuildFile; fileRef = A32FE336298B4FAB0016FA34 /* HomeViewController.swift */; };
		A32FE33A298B501E0016FA34 /* MyKijijiViewController.swift in Sources */ = {isa = PBXBuildFile; fileRef = A32FE339298B501E0016FA34 /* MyKijijiViewController.swift */; };
		A32FE33C298B50A90016FA34 /* UIViewController+Bar.swift in Sources */ = {isa = PBXBuildFile; fileRef = A32FE33B298B50A90016FA34 /* UIViewController+Bar.swift */; };
		A32FE33E298C03130016FA34 /* SearchBarView.swift in Sources */ = {isa = PBXBuildFile; fileRef = A32FE33D298C03130016FA34 /* SearchBarView.swift */; };
		A3980DD8298CA375001DB587 /* CategoryItemView.swift in Sources */ = {isa = PBXBuildFile; fileRef = A3980DD7298CA375001DB587 /* CategoryItemView.swift */; };
		A3980DDA298CA9E6001DB587 /* UIFont+Traits.swift in Sources */ = {isa = PBXBuildFile; fileRef = A3980DD9298CA9E6001DB587 /* UIFont+Traits.swift */; };
		A3980DDC298D5783001DB587 /* UIColor+Kijiji.swift in Sources */ = {isa = PBXBuildFile; fileRef = A3980DDB298D5783001DB587 /* UIColor+Kijiji.swift */; };
		A3980DDE298D595F001DB587 /* CategoryView.swift in Sources */ = {isa = PBXBuildFile; fileRef = A3980DDD298D595F001DB587 /* CategoryView.swift */; };
		A3980DE0298D5A1F001DB587 /* ConstraintConsts.swift in Sources */ = {isa = PBXBuildFile; fileRef = A3980DDF298D5A1F001DB587 /* ConstraintConsts.swift */; };
		A3980DE2298ED4B4001DB587 /* TextCell.swift in Sources */ = {isa = PBXBuildFile; fileRef = A3980DE1298ED4B4001DB587 /* TextCell.swift */; };
		A3980DE4298ED5D0001DB587 /* HomeViewController+DataSource.swift in Sources */ = {isa = PBXBuildFile; fileRef = A3980DE3298ED5D0001DB587 /* HomeViewController+DataSource.swift */; };
		A3980DE6298ED6B3001DB587 /* HomeViewController+Delegate.swift in Sources */ = {isa = PBXBuildFile; fileRef = A3980DE5298ED6B3001DB587 /* HomeViewController+Delegate.swift */; };
		A3980DE82991BAE8001DB587 /* HomeItem.swift in Sources */ = {isa = PBXBuildFile; fileRef = A3980DE72991BAE8001DB587 /* HomeItem.swift */; };
		A3980DEA2991BB95001DB587 /* HomeItemCell.swift in Sources */ = {isa = PBXBuildFile; fileRef = A3980DE92991BB95001DB587 /* HomeItemCell.swift */; };
/* End PBXBuildFile section */

/* Begin PBXContainerItemProxy section */
		A32FE314298ABD4F0016FA34 /* PBXContainerItemProxy */ = {
			isa = PBXContainerItemProxy;
			containerPortal = A32FE2F5298ABD4E0016FA34 /* Project object */;
			proxyType = 1;
			remoteGlobalIDString = A32FE2FC298ABD4E0016FA34;
			remoteInfo = Kijiji;
		};
/* End PBXContainerItemProxy section */

/* Begin PBXFileReference section */
		A32FE2FD298ABD4E0016FA34 /* Kijiji.app */ = {isa = PBXFileReference; explicitFileType = wrapper.application; includeInIndex = 0; path = Kijiji.app; sourceTree = BUILT_PRODUCTS_DIR; };
		A32FE300298ABD4E0016FA34 /* AppDelegate.swift */ = {isa = PBXFileReference; lastKnownFileType = sourcecode.swift; path = AppDelegate.swift; sourceTree = "<group>"; };
		A32FE302298ABD4E0016FA34 /* SceneDelegate.swift */ = {isa = PBXFileReference; lastKnownFileType = sourcecode.swift; path = SceneDelegate.swift; sourceTree = "<group>"; };
		A32FE304298ABD4E0016FA34 /* MainViewController.swift */ = {isa = PBXFileReference; lastKnownFileType = sourcecode.swift; path = MainViewController.swift; sourceTree = "<group>"; };
		A32FE309298ABD4F0016FA34 /* Assets.xcassets */ = {isa = PBXFileReference; lastKnownFileType = folder.assetcatalog; path = Assets.xcassets; sourceTree = "<group>"; };
		A32FE30C298ABD4F0016FA34 /* Base */ = {isa = PBXFileReference; lastKnownFileType = file.storyboard; name = Base; path = Base.lproj/LaunchScreen.storyboard; sourceTree = "<group>"; };
		A32FE30E298ABD4F0016FA34 /* Info.plist */ = {isa = PBXFileReference; lastKnownFileType = text.plist.xml; path = Info.plist; sourceTree = "<group>"; };
		A32FE313298ABD4F0016FA34 /* KijijiTests.xctest */ = {isa = PBXFileReference; explicitFileType = wrapper.cfbundle; includeInIndex = 0; path = KijijiTests.xctest; sourceTree = BUILT_PRODUCTS_DIR; };
		A32FE317298ABD4F0016FA34 /* KijijiTests.swift */ = {isa = PBXFileReference; lastKnownFileType = sourcecode.swift; path = KijijiTests.swift; sourceTree = "<group>"; };
		A32FE332298B4E420016FA34 /* UIView+Preview.swift */ = {isa = PBXFileReference; fileEncoding = 4; lastKnownFileType = sourcecode.swift; path = "UIView+Preview.swift"; sourceTree = "<group>"; };
		A32FE334298B4E670016FA34 /* UIViewController+Preview.swift */ = {isa = PBXFileReference; fileEncoding = 4; lastKnownFileType = sourcecode.swift; path = "UIViewController+Preview.swift"; sourceTree = "<group>"; };
		A32FE336298B4FAB0016FA34 /* HomeViewController.swift */ = {isa = PBXFileReference; lastKnownFileType = sourcecode.swift; path = HomeViewController.swift; sourceTree = "<group>"; };
		A32FE339298B501E0016FA34 /* MyKijijiViewController.swift */ = {isa = PBXFileReference; lastKnownFileType = sourcecode.swift; path = MyKijijiViewController.swift; sourceTree = "<group>"; };
		A32FE33B298B50A90016FA34 /* UIViewController+Bar.swift */ = {isa = PBXFileReference; lastKnownFileType = sourcecode.swift; path = "UIViewController+Bar.swift"; sourceTree = "<group>"; };
		A32FE33D298C03130016FA34 /* SearchBarView.swift */ = {isa = PBXFileReference; lastKnownFileType = sourcecode.swift; path = SearchBarView.swift; sourceTree = "<group>"; };
		A3980DD7298CA375001DB587 /* CategoryItemView.swift */ = {isa = PBXFileReference; lastKnownFileType = sourcecode.swift; path = CategoryItemView.swift; sourceTree = "<group>"; };
		A3980DD9298CA9E6001DB587 /* UIFont+Traits.swift */ = {isa = PBXFileReference; lastKnownFileType = sourcecode.swift; path = "UIFont+Traits.swift"; sourceTree = "<group>"; };
		A3980DDB298D5783001DB587 /* UIColor+Kijiji.swift */ = {isa = PBXFileReference; lastKnownFileType = sourcecode.swift; path = "UIColor+Kijiji.swift"; sourceTree = "<group>"; };
		A3980DDD298D595F001DB587 /* CategoryView.swift */ = {isa = PBXFileReference; lastKnownFileType = sourcecode.swift; path = CategoryView.swift; sourceTree = "<group>"; };
		A3980DDF298D5A1F001DB587 /* ConstraintConsts.swift */ = {isa = PBXFileReference; lastKnownFileType = sourcecode.swift; path = ConstraintConsts.swift; sourceTree = "<group>"; };
		A3980DE1298ED4B4001DB587 /* TextCell.swift */ = {isa = PBXFileReference; lastKnownFileType = sourcecode.swift; path = TextCell.swift; sourceTree = "<group>"; };
		A3980DE3298ED5D0001DB587 /* HomeViewController+DataSource.swift */ = {isa = PBXFileReference; lastKnownFileType = sourcecode.swift; path = "HomeViewController+DataSource.swift"; sourceTree = "<group>"; };
		A3980DE5298ED6B3001DB587 /* HomeViewController+Delegate.swift */ = {isa = PBXFileReference; lastKnownFileType = sourcecode.swift; path = "HomeViewController+Delegate.swift"; sourceTree = "<group>"; };
		A3980DE72991BAE8001DB587 /* HomeItem.swift */ = {isa = PBXFileReference; lastKnownFileType = sourcecode.swift; path = HomeItem.swift; sourceTree = "<group>"; };
		A3980DE92991BB95001DB587 /* HomeItemCell.swift */ = {isa = PBXFileReference; lastKnownFileType = sourcecode.swift; path = HomeItemCell.swift; sourceTree = "<group>"; };
/* End PBXFileReference section */

/* Begin PBXFrameworksBuildPhase section */
		A32FE2FA298ABD4E0016FA34 /* Frameworks */ = {
			isa = PBXFrameworksBuildPhase;
			buildActionMask = 2147483647;
			files = (
			);
			runOnlyForDeploymentPostprocessing = 0;
		};
		A32FE310298ABD4F0016FA34 /* Frameworks */ = {
			isa = PBXFrameworksBuildPhase;
			buildActionMask = 2147483647;
			files = (
			);
			runOnlyForDeploymentPostprocessing = 0;
		};
/* End PBXFrameworksBuildPhase section */

/* Begin PBXGroup section */
		A32FE2F4298ABD4E0016FA34 = {
			isa = PBXGroup;
			children = (
				A32FE2FF298ABD4E0016FA34 /* Kijiji */,
				A32FE316298ABD4F0016FA34 /* KijijiTests */,
				A32FE2FE298ABD4E0016FA34 /* Products */,
			);
			sourceTree = "<group>";
		};
		A32FE2FE298ABD4E0016FA34 /* Products */ = {
			isa = PBXGroup;
			children = (
				A32FE2FD298ABD4E0016FA34 /* Kijiji.app */,
				A32FE313298ABD4F0016FA34 /* KijijiTests.xctest */,
			);
			name = Products;
			sourceTree = "<group>";
		};
		A32FE2FF298ABD4E0016FA34 /* Kijiji */ = {
			isa = PBXGroup;
			children = (
				A32FE338298B4FE80016FA34 /* MyKijijiController */,
				A32FE331298AC0980016FA34 /* HomeController */,
				A32FE330298AC0890016FA34 /* Models */,
				A32FE300298ABD4E0016FA34 /* AppDelegate.swift */,
				A32FE302298ABD4E0016FA34 /* SceneDelegate.swift */,
				A32FE304298ABD4E0016FA34 /* MainViewController.swift */,
				A32FE309298ABD4F0016FA34 /* Assets.xcassets */,
				A32FE30B298ABD4F0016FA34 /* LaunchScreen.storyboard */,
				A32FE30E298ABD4F0016FA34 /* Info.plist */,
			);
			path = Kijiji;
			sourceTree = "<group>";
		};
		A32FE316298ABD4F0016FA34 /* KijijiTests */ = {
			isa = PBXGroup;
			children = (
				A32FE317298ABD4F0016FA34 /* KijijiTests.swift */,
			);
			path = KijijiTests;
			sourceTree = "<group>";
		};
		A32FE330298AC0890016FA34 /* Models */ = {
			isa = PBXGroup;
			children = (
				A32FE332298B4E420016FA34 /* UIView+Preview.swift */,
				A32FE334298B4E670016FA34 /* UIViewController+Preview.swift */,
				A32FE33B298B50A90016FA34 /* UIViewController+Bar.swift */,
				A3980DD9298CA9E6001DB587 /* UIFont+Traits.swift */,
				A3980DDB298D5783001DB587 /* UIColor+Kijiji.swift */,
				A3980DDF298D5A1F001DB587 /* ConstraintConsts.swift */,
				A3980DE72991BAE8001DB587 /* HomeItem.swift */,
			);
			path = Models;
			sourceTree = "<group>";
		};
		A32FE331298AC0980016FA34 /* HomeController */ = {
			isa = PBXGroup;
			children = (
				A3980DD6298CA352001DB587 /* Category */,
				A32FE336298B4FAB0016FA34 /* HomeViewController.swift */,
				A3980DE5298ED6B3001DB587 /* HomeViewController+Delegate.swift */,
				A3980DE3298ED5D0001DB587 /* HomeViewController+DataSource.swift */,
				A32FE33D298C03130016FA34 /* SearchBarView.swift */,
				A3980DE1298ED4B4001DB587 /* TextCell.swift */,
				A3980DE92991BB95001DB587 /* HomeItemCell.swift */,
			);
			path = HomeController;
			sourceTree = "<group>";
		};
		A32FE338298B4FE80016FA34 /* MyKijijiController */ = {
			isa = PBXGroup;
			children = (
				A32FE339298B501E0016FA34 /* MyKijijiViewController.swift */,
			);
			path = MyKijijiController;
			sourceTree = "<group>";
		};
		A3980DD6298CA352001DB587 /* Category */ = {
			isa = PBXGroup;
			children = (
				A3980DD7298CA375001DB587 /* CategoryItemView.swift */,
				A3980DDD298D595F001DB587 /* CategoryView.swift */,
			);
			path = Category;
			sourceTree = "<group>";
		};
/* End PBXGroup section */

/* Begin PBXNativeTarget section */
		A32FE2FC298ABD4E0016FA34 /* Kijiji */ = {
			isa = PBXNativeTarget;
			buildConfigurationList = A32FE327298ABD4F0016FA34 /* Build configuration list for PBXNativeTarget "Kijiji" */;
			buildPhases = (
				A32FE2F9298ABD4E0016FA34 /* Sources */,
				A32FE2FA298ABD4E0016FA34 /* Frameworks */,
				A32FE2FB298ABD4E0016FA34 /* Resources */,
			);
			buildRules = (
			);
			dependencies = (
			);
			name = Kijiji;
			productName = Kijiji;
			productReference = A32FE2FD298ABD4E0016FA34 /* Kijiji.app */;
			productType = "com.apple.product-type.application";
		};
		A32FE312298ABD4F0016FA34 /* KijijiTests */ = {
			isa = PBXNativeTarget;
			buildConfigurationList = A32FE32A298ABD4F0016FA34 /* Build configuration list for PBXNativeTarget "KijijiTests" */;
			buildPhases = (
				A32FE30F298ABD4F0016FA34 /* Sources */,
				A32FE310298ABD4F0016FA34 /* Frameworks */,
				A32FE311298ABD4F0016FA34 /* Resources */,
			);
			buildRules = (
			);
			dependencies = (
				A32FE315298ABD4F0016FA34 /* PBXTargetDependency */,
			);
			name = KijijiTests;
			productName = KijijiTests;
			productReference = A32FE313298ABD4F0016FA34 /* KijijiTests.xctest */;
			productType = "com.apple.product-type.bundle.unit-test";
		};
/* End PBXNativeTarget section */

/* Begin PBXProject section */
		A32FE2F5298ABD4E0016FA34 /* Project object */ = {
			isa = PBXProject;
			attributes = {
				BuildIndependentTargetsInParallel = 1;
				LastSwiftUpdateCheck = 1420;
				LastUpgradeCheck = 1420;
				TargetAttributes = {
					A32FE2FC298ABD4E0016FA34 = {
						CreatedOnToolsVersion = 14.2;
					};
					A32FE312298ABD4F0016FA34 = {
						CreatedOnToolsVersion = 14.2;
						TestTargetID = A32FE2FC298ABD4E0016FA34;
					};
				};
			};
			buildConfigurationList = A32FE2F8298ABD4E0016FA34 /* Build configuration list for PBXProject "Kijiji" */;
			compatibilityVersion = "Xcode 14.0";
			developmentRegion = en;
			hasScannedForEncodings = 0;
			knownRegions = (
				en,
				Base,
			);
			mainGroup = A32FE2F4298ABD4E0016FA34;
			productRefGroup = A32FE2FE298ABD4E0016FA34 /* Products */;
			projectDirPath = "";
			projectRoot = "";
			targets = (
				A32FE2FC298ABD4E0016FA34 /* Kijiji */,
				A32FE312298ABD4F0016FA34 /* KijijiTests */,
			);
		};
/* End PBXProject section */

/* Begin PBXResourcesBuildPhase section */
		A32FE2FB298ABD4E0016FA34 /* Resources */ = {
			isa = PBXResourcesBuildPhase;
			buildActionMask = 2147483647;
			files = (
				A32FE30D298ABD4F0016FA34 /* LaunchScreen.storyboard in Resources */,
				A32FE30A298ABD4F0016FA34 /* Assets.xcassets in Resources */,
			);
			runOnlyForDeploymentPostprocessing = 0;
		};
		A32FE311298ABD4F0016FA34 /* Resources */ = {
			isa = PBXResourcesBuildPhase;
			buildActionMask = 2147483647;
			files = (
			);
			runOnlyForDeploymentPostprocessing = 0;
		};
/* End PBXResourcesBuildPhase section */

/* Begin PBXSourcesBuildPhase section */
		A32FE2F9298ABD4E0016FA34 /* Sources */ = {
			isa = PBXSourcesBuildPhase;
			buildActionMask = 2147483647;
			files = (
				A32FE305298ABD4E0016FA34 /* MainViewController.swift in Sources */,
				A32FE33E298C03130016FA34 /* SearchBarView.swift in Sources */,
				A3980DE0298D5A1F001DB587 /* ConstraintConsts.swift in Sources */,
				A32FE333298B4E420016FA34 /* UIView+Preview.swift in Sources */,
				A32FE33C298B50A90016FA34 /* UIViewController+Bar.swift in Sources */,
				A32FE335298B4E670016FA34 /* UIViewController+Preview.swift in Sources */,
				A3980DDE298D595F001DB587 /* CategoryView.swift in Sources */,
				A3980DEA2991BB95001DB587 /* HomeItemCell.swift in Sources */,
				A3980DE6298ED6B3001DB587 /* HomeViewController+Delegate.swift in Sources */,
				A3980DDC298D5783001DB587 /* UIColor+Kijiji.swift in Sources */,
				A3980DD8298CA375001DB587 /* CategoryItemView.swift in Sources */,
				A32FE301298ABD4E0016FA34 /* AppDelegate.swift in Sources */,
				A3980DE2298ED4B4001DB587 /* TextCell.swift in Sources */,
				A32FE33A298B501E0016FA34 /* MyKijijiViewController.swift in Sources */,
				A3980DE82991BAE8001DB587 /* HomeItem.swift in Sources */,
				A3980DE4298ED5D0001DB587 /* HomeViewController+DataSource.swift in Sources */,
				A3980DDA298CA9E6001DB587 /* UIFont+Traits.swift in Sources */,
				A32FE303298ABD4E0016FA34 /* SceneDelegate.swift in Sources */,
				A32FE337298B4FAB0016FA34 /* HomeViewController.swift in Sources */,
			);
			runOnlyForDeploymentPostprocessing = 0;
		};
		A32FE30F298ABD4F0016FA34 /* Sources */ = {
			isa = PBXSourcesBuildPhase;
			buildActionMask = 2147483647;
			files = (
				A32FE318298ABD4F0016FA34 /* KijijiTests.swift in Sources */,
			);
			runOnlyForDeploymentPostprocessing = 0;
		};
/* End PBXSourcesBuildPhase section */

/* Begin PBXTargetDependency section */
		A32FE315298ABD4F0016FA34 /* PBXTargetDependency */ = {
			isa = PBXTargetDependency;
			target = A32FE2FC298ABD4E0016FA34 /* Kijiji */;
			targetProxy = A32FE314298ABD4F0016FA34 /* PBXContainerItemProxy */;
		};
/* End PBXTargetDependency section */

/* Begin PBXVariantGroup section */
		A32FE30B298ABD4F0016FA34 /* LaunchScreen.storyboard */ = {
			isa = PBXVariantGroup;
			children = (
				A32FE30C298ABD4F0016FA34 /* Base */,
			);
			name = LaunchScreen.storyboard;
			sourceTree = "<group>";
		};
/* End PBXVariantGroup section */

/* Begin XCBuildConfiguration section */
		A32FE325298ABD4F0016FA34 /* Debug */ = {
			isa = XCBuildConfiguration;
			buildSettings = {
				ALWAYS_SEARCH_USER_PATHS = NO;
				CLANG_ANALYZER_NONNULL = YES;
				CLANG_ANALYZER_NUMBER_OBJECT_CONVERSION = YES_AGGRESSIVE;
				CLANG_CXX_LANGUAGE_STANDARD = "gnu++20";
				CLANG_ENABLE_MODULES = YES;
				CLANG_ENABLE_OBJC_ARC = YES;
				CLANG_ENABLE_OBJC_WEAK = YES;
				CLANG_WARN_BLOCK_CAPTURE_AUTORELEASING = YES;
				CLANG_WARN_BOOL_CONVERSION = YES;
				CLANG_WARN_COMMA = YES;
				CLANG_WARN_CONSTANT_CONVERSION = YES;
				CLANG_WARN_DEPRECATED_OBJC_IMPLEMENTATIONS = YES;
				CLANG_WARN_DIRECT_OBJC_ISA_USAGE = YES_ERROR;
				CLANG_WARN_DOCUMENTATION_COMMENTS = YES;
				CLANG_WARN_EMPTY_BODY = YES;
				CLANG_WARN_ENUM_CONVERSION = YES;
				CLANG_WARN_INFINITE_RECURSION = YES;
				CLANG_WARN_INT_CONVERSION = YES;
				CLANG_WARN_NON_LITERAL_NULL_CONVERSION = YES;
				CLANG_WARN_OBJC_IMPLICIT_RETAIN_SELF = YES;
				CLANG_WARN_OBJC_LITERAL_CONVERSION = YES;
				CLANG_WARN_OBJC_ROOT_CLASS = YES_ERROR;
				CLANG_WARN_QUOTED_INCLUDE_IN_FRAMEWORK_HEADER = YES;
				CLANG_WARN_RANGE_LOOP_ANALYSIS = YES;
				CLANG_WARN_STRICT_PROTOTYPES = YES;
				CLANG_WARN_SUSPICIOUS_MOVE = YES;
				CLANG_WARN_UNGUARDED_AVAILABILITY = YES_AGGRESSIVE;
				CLANG_WARN_UNREACHABLE_CODE = YES;
				CLANG_WARN__DUPLICATE_METHOD_MATCH = YES;
				COPY_PHASE_STRIP = NO;
				DEBUG_INFORMATION_FORMAT = dwarf;
				ENABLE_STRICT_OBJC_MSGSEND = YES;
				ENABLE_TESTABILITY = YES;
				GCC_C_LANGUAGE_STANDARD = gnu11;
				GCC_DYNAMIC_NO_PIC = NO;
				GCC_NO_COMMON_BLOCKS = YES;
				GCC_OPTIMIZATION_LEVEL = 0;
				GCC_PREPROCESSOR_DEFINITIONS = (
					"DEBUG=1",
					"$(inherited)",
				);
				GCC_WARN_64_TO_32_BIT_CONVERSION = YES;
				GCC_WARN_ABOUT_RETURN_TYPE = YES_ERROR;
				GCC_WARN_UNDECLARED_SELECTOR = YES;
				GCC_WARN_UNINITIALIZED_AUTOS = YES_AGGRESSIVE;
				GCC_WARN_UNUSED_FUNCTION = YES;
				GCC_WARN_UNUSED_VARIABLE = YES;
				IPHONEOS_DEPLOYMENT_TARGET = 16.2;
				MTL_ENABLE_DEBUG_INFO = INCLUDE_SOURCE;
				MTL_FAST_MATH = YES;
				ONLY_ACTIVE_ARCH = YES;
				SDKROOT = iphoneos;
				SWIFT_ACTIVE_COMPILATION_CONDITIONS = DEBUG;
				SWIFT_OPTIMIZATION_LEVEL = "-Onone";
			};
			name = Debug;
		};
		A32FE326298ABD4F0016FA34 /* Release */ = {
			isa = XCBuildConfiguration;
			buildSettings = {
				ALWAYS_SEARCH_USER_PATHS = NO;
				CLANG_ANALYZER_NONNULL = YES;
				CLANG_ANALYZER_NUMBER_OBJECT_CONVERSION = YES_AGGRESSIVE;
				CLANG_CXX_LANGUAGE_STANDARD = "gnu++20";
				CLANG_ENABLE_MODULES = YES;
				CLANG_ENABLE_OBJC_ARC = YES;
				CLANG_ENABLE_OBJC_WEAK = YES;
				CLANG_WARN_BLOCK_CAPTURE_AUTORELEASING = YES;
				CLANG_WARN_BOOL_CONVERSION = YES;
				CLANG_WARN_COMMA = YES;
				CLANG_WARN_CONSTANT_CONVERSION = YES;
				CLANG_WARN_DEPRECATED_OBJC_IMPLEMENTATIONS = YES;
				CLANG_WARN_DIRECT_OBJC_ISA_USAGE = YES_ERROR;
				CLANG_WARN_DOCUMENTATION_COMMENTS = YES;
				CLANG_WARN_EMPTY_BODY = YES;
				CLANG_WARN_ENUM_CONVERSION = YES;
				CLANG_WARN_INFINITE_RECURSION = YES;
				CLANG_WARN_INT_CONVERSION = YES;
				CLANG_WARN_NON_LITERAL_NULL_CONVERSION = YES;
				CLANG_WARN_OBJC_IMPLICIT_RETAIN_SELF = YES;
				CLANG_WARN_OBJC_LITERAL_CONVERSION = YES;
				CLANG_WARN_OBJC_ROOT_CLASS = YES_ERROR;
				CLANG_WARN_QUOTED_INCLUDE_IN_FRAMEWORK_HEADER = YES;
				CLANG_WARN_RANGE_LOOP_ANALYSIS = YES;
				CLANG_WARN_STRICT_PROTOTYPES = YES;
				CLANG_WARN_SUSPICIOUS_MOVE = YES;
				CLANG_WARN_UNGUARDED_AVAILABILITY = YES_AGGRESSIVE;
				CLANG_WARN_UNREACHABLE_CODE = YES;
				CLANG_WARN__DUPLICATE_METHOD_MATCH = YES;
				COPY_PHASE_STRIP = NO;
				DEBUG_INFORMATION_FORMAT = "dwarf-with-dsym";
				ENABLE_NS_ASSERTIONS = NO;
				ENABLE_STRICT_OBJC_MSGSEND = YES;
				GCC_C_LANGUAGE_STANDARD = gnu11;
				GCC_NO_COMMON_BLOCKS = YES;
				GCC_WARN_64_TO_32_BIT_CONVERSION = YES;
				GCC_WARN_ABOUT_RETURN_TYPE = YES_ERROR;
				GCC_WARN_UNDECLARED_SELECTOR = YES;
				GCC_WARN_UNINITIALIZED_AUTOS = YES_AGGRESSIVE;
				GCC_WARN_UNUSED_FUNCTION = YES;
				GCC_WARN_UNUSED_VARIABLE = YES;
				IPHONEOS_DEPLOYMENT_TARGET = 16.2;
				MTL_ENABLE_DEBUG_INFO = NO;
				MTL_FAST_MATH = YES;
				SDKROOT = iphoneos;
				SWIFT_COMPILATION_MODE = wholemodule;
				SWIFT_OPTIMIZATION_LEVEL = "-O";
				VALIDATE_PRODUCT = YES;
			};
			name = Release;
		};
		A32FE328298ABD4F0016FA34 /* Debug */ = {
			isa = XCBuildConfiguration;
			buildSettings = {
				ASSETCATALOG_COMPILER_APPICON_NAME = AppIcon;
				ASSETCATALOG_COMPILER_GLOBAL_ACCENT_COLOR_NAME = AccentColor;
				CODE_SIGN_STYLE = Automatic;
				CURRENT_PROJECT_VERSION = 1;
				DEVELOPMENT_TEAM = XA84Z9Z2T7;
				GENERATE_INFOPLIST_FILE = YES;
				INFOPLIST_FILE = Kijiji/Info.plist;
				INFOPLIST_KEY_UIApplicationSupportsIndirectInputEvents = YES;
				INFOPLIST_KEY_UILaunchStoryboardName = LaunchScreen;
				INFOPLIST_KEY_UISupportedInterfaceOrientations_iPad = "UIInterfaceOrientationPortrait UIInterfaceOrientationPortraitUpsideDown UIInterfaceOrientationLandscapeLeft UIInterfaceOrientationLandscapeRight";
				INFOPLIST_KEY_UISupportedInterfaceOrientations_iPhone = "UIInterfaceOrientationPortrait UIInterfaceOrientationLandscapeLeft UIInterfaceOrientationLandscapeRight";
				LD_RUNPATH_SEARCH_PATHS = (
					"$(inherited)",
					"@executable_path/Frameworks",
				);
				MARKETING_VERSION = 1.0;
				PRODUCT_BUNDLE_IDENTIFIER = com.bijansoft.Kijiji;
				PRODUCT_NAME = "$(TARGET_NAME)";
				SWIFT_EMIT_LOC_STRINGS = YES;
				SWIFT_VERSION = 5.0;
				TARGETED_DEVICE_FAMILY = "1,2";
			};
			name = Debug;
		};
		A32FE329298ABD4F0016FA34 /* Release */ = {
			isa = XCBuildConfiguration;
			buildSettings = {
				ASSETCATALOG_COMPILER_APPICON_NAME = AppIcon;
				ASSETCATALOG_COMPILER_GLOBAL_ACCENT_COLOR_NAME = AccentColor;
				CODE_SIGN_STYLE = Automatic;
				CURRENT_PROJECT_VERSION = 1;
				DEVELOPMENT_TEAM = XA84Z9Z2T7;
				GENERATE_INFOPLIST_FILE = YES;
				INFOPLIST_FILE = Kijiji/Info.plist;
				INFOPLIST_KEY_UIApplicationSupportsIndirectInputEvents = YES;
				INFOPLIST_KEY_UILaunchStoryboardName = LaunchScreen;
				INFOPLIST_KEY_UISupportedInterfaceOrientations_iPad = "UIInterfaceOrientationPortrait UIInterfaceOrientationPortraitUpsideDown UIInterfaceOrientationLandscapeLeft UIInterfaceOrientationLandscapeRight";
				INFOPLIST_KEY_UISupportedInterfaceOrientations_iPhone = "UIInterfaceOrientationPortrait UIInterfaceOrientationLandscapeLeft UIInterfaceOrientationLandscapeRight";
				LD_RUNPATH_SEARCH_PATHS = (
					"$(inherited)",
					"@executable_path/Frameworks",
				);
				MARKETING_VERSION = 1.0;
				PRODUCT_BUNDLE_IDENTIFIER = com.bijansoft.Kijiji;
				PRODUCT_NAME = "$(TARGET_NAME)";
				SWIFT_EMIT_LOC_STRINGS = YES;
				SWIFT_VERSION = 5.0;
				TARGETED_DEVICE_FAMILY = "1,2";
			};
			name = Release;
		};
		A32FE32B298ABD4F0016FA34 /* Debug */ = {
			isa = XCBuildConfiguration;
			buildSettings = {
				ALWAYS_EMBED_SWIFT_STANDARD_LIBRARIES = YES;
				BUNDLE_LOADER = "$(TEST_HOST)";
				CODE_SIGN_STYLE = Automatic;
				CURRENT_PROJECT_VERSION = 1;
				DEVELOPMENT_TEAM = XA84Z9Z2T7;
				GENERATE_INFOPLIST_FILE = YES;
				IPHONEOS_DEPLOYMENT_TARGET = 16.2;
				MARKETING_VERSION = 1.0;
				PRODUCT_BUNDLE_IDENTIFIER = com.bijansoft.KijijiTests;
				PRODUCT_NAME = "$(TARGET_NAME)";
				SWIFT_EMIT_LOC_STRINGS = NO;
				SWIFT_VERSION = 5.0;
				TARGETED_DEVICE_FAMILY = "1,2";
				TEST_HOST = "$(BUILT_PRODUCTS_DIR)/Kijiji.app/$(BUNDLE_EXECUTABLE_FOLDER_PATH)/Kijiji";
			};
			name = Debug;
		};
		A32FE32C298ABD4F0016FA34 /* Release */ = {
			isa = XCBuildConfiguration;
			buildSettings = {
				ALWAYS_EMBED_SWIFT_STANDARD_LIBRARIES = YES;
				BUNDLE_LOADER = "$(TEST_HOST)";
				CODE_SIGN_STYLE = Automatic;
				CURRENT_PROJECT_VERSION = 1;
				DEVELOPMENT_TEAM = XA84Z9Z2T7;
				GENERATE_INFOPLIST_FILE = YES;
				IPHONEOS_DEPLOYMENT_TARGET = 16.2;
				MARKETING_VERSION = 1.0;
				PRODUCT_BUNDLE_IDENTIFIER = com.bijansoft.KijijiTests;
				PRODUCT_NAME = "$(TARGET_NAME)";
				SWIFT_EMIT_LOC_STRINGS = NO;
				SWIFT_VERSION = 5.0;
				TARGETED_DEVICE_FAMILY = "1,2";
				TEST_HOST = "$(BUILT_PRODUCTS_DIR)/Kijiji.app/$(BUNDLE_EXECUTABLE_FOLDER_PATH)/Kijiji";
			};
			name = Release;
		};
/* End XCBuildConfiguration section */

/* Begin XCConfigurationList section */
		A32FE2F8298ABD4E0016FA34 /* Build configuration list for PBXProject "Kijiji" */ = {
			isa = XCConfigurationList;
			buildConfigurations = (
				A32FE325298ABD4F0016FA34 /* Debug */,
				A32FE326298ABD4F0016FA34 /* Release */,
			);
			defaultConfigurationIsVisible = 0;
			defaultConfigurationName = Release;
		};
		A32FE327298ABD4F0016FA34 /* Build configuration list for PBXNativeTarget "Kijiji" */ = {
			isa = XCConfigurationList;
			buildConfigurations = (
				A32FE328298ABD4F0016FA34 /* Debug */,
				A32FE329298ABD4F0016FA34 /* Release */,
			);
			defaultConfigurationIsVisible = 0;
			defaultConfigurationName = Release;
		};
		A32FE32A298ABD4F0016FA34 /* Build configuration list for PBXNativeTarget "KijijiTests" */ = {
			isa = XCConfigurationList;
			buildConfigurations = (
				A32FE32B298ABD4F0016FA34 /* Debug */,
				A32FE32C298ABD4F0016FA34 /* Release */,
			);
			defaultConfigurationIsVisible = 0;
			defaultConfigurationName = Release;
		};
/* End XCConfigurationList section */
	};
	rootObject = A32FE2F5298ABD4E0016FA34 /* Project object */;
}
