// !$*UTF8*$!
{
	archiveVersion = 1;
	classes = {
	};
	objectVersion = 56;
	objects = {

/* Begin PBXBuildFile section */
		A32FE301298ABD4E0016FA34 /* AppDelegate.swift in Sources */ = {isa = PBXBuildFile; fileRef = A32FE300298ABD4E0016FA34 /* AppDelegate.swift */; };
		A32FE303298ABD4E0016FA34 /* SceneDelegate.swift in Sources */ = {isa = PBXBuildFile; fileRef = A32FE302298ABD4E0016FA34 /* SceneDelegate.swift */; };
		A32FE305298ABD4E0016FA34 /* ViewController.swift in Sources */ = {isa = PBXBuildFile; fileRef = A32FE304298ABD4E0016FA34 /* ViewController.swift */; };
		A32FE308298ABD4E0016FA34 /* Main.storyboard in Resources */ = {isa = PBXBuildFile; fileRef = A32FE306298ABD4E0016FA34 /* Main.storyboard */; };
		A32FE30A298ABD4F0016FA34 /* Assets.xcassets in Resources */ = {isa = PBXBuildFile; fileRef = A32FE309298ABD4F0016FA34 /* Assets.xcassets */; };
		A32FE30D298ABD4F0016FA34 /* LaunchScreen.storyboard in Resources */ = {isa = PBXBuildFile; fileRef = A32FE30B298ABD4F0016FA34 /* LaunchScreen.storyboard */; };
		A32FE318298ABD4F0016FA34 /* KijijiTests.swift in Sources */ = {isa = PBXBuildFile; fileRef = A32FE317298ABD4F0016FA34 /* KijijiTests.swift */; };
		A32FE322298ABD4F0016FA34 /* KijijiUITests.swift in Sources */ = {isa = PBXBuildFile; fileRef = A32FE321298ABD4F0016FA34 /* KijijiUITests.swift */; };
		A32FE324298ABD4F0016FA34 /* KijijiUITestsLaunchTests.swift in Sources */ = {isa = PBXBuildFile; fileRef = A32FE323298ABD4F0016FA34 /* KijijiUITestsLaunchTests.swift */; };
/* End PBXBuildFile section */

/* Begin PBXContainerItemProxy section */
		A32FE314298ABD4F0016FA34 /* PBXContainerItemProxy */ = {
			isa = PBXContainerItemProxy;
			containerPortal = A32FE2F5298ABD4E0016FA34 /* Project object */;
			proxyType = 1;
			remoteGlobalIDString = A32FE2FC298ABD4E0016FA34;
			remoteInfo = Kijiji;
		};
		A32FE31E298ABD4F0016FA34 /* PBXContainerItemProxy */ = {
			isa = PBXContainerItemProxy;
			containerPortal = A32FE2F5298ABD4E0016FA34 /* Project object */;
			proxyType = 1;
			remoteGlobalIDString = A32FE2FC298ABD4E0016FA34;
			remoteInfo = Kijiji;
		};
/* End PBXContainerItemProxy section */

/* Begin PBXFileReference section */
		A32FE2FD298ABD4E0016FA34 /* Kijiji.app */ = {isa = PBXFileReference; explicitFileType = wrapper.application; includeInIndex = 0; path = Kijiji.app; sourceTree = BUILT_PRODUCTS_DIR; };
		A32FE300298ABD4E0016FA34 /* AppDelegate.swift */ = {isa = PBXFileReference; lastKnownFileType = sourcecode.swift; path = AppDelegate.swift; sourceTree = "<group>"; };
		A32FE302298ABD4E0016FA34 /* SceneDelegate.swift */ = {isa = PBXFileReference; lastKnownFileType = sourcecode.swift; path = SceneDelegate.swift; sourceTree = "<group>"; };
		A32FE304298ABD4E0016FA34 /* ViewController.swift */ = {isa = PBXFileReference; lastKnownFileType = sourcecode.swift; path = ViewController.swift; sourceTree = "<group>"; };
		A32FE307298ABD4E0016FA34 /* Base */ = {isa = PBXFileReference; lastKnownFileType = file.storyboard; name = Base; path = Base.lproj/Main.storyboard; sourceTree = "<group>"; };
		A32FE309298ABD4F0016FA34 /* Assets.xcassets */ = {isa = PBXFileReference; lastKnownFileType = folder.assetcatalog; path = Assets.xcassets; sourceTree = "<group>"; };
		A32FE30C298ABD4F0016FA34 /* Base */ = {isa = PBXFileReference; lastKnownFileType = file.storyboard; name = Base; path = Base.lproj/LaunchScreen.storyboard; sourceTree = "<group>"; };
		A32FE30E298ABD4F0016FA34 /* Info.plist */ = {isa = PBXFileReference; lastKnownFileType = text.plist.xml; path = Info.plist; sourceTree = "<group>"; };
		A32FE313298ABD4F0016FA34 /* KijijiTests.xctest */ = {isa = PBXFileReference; explicitFileType = wrapper.cfbundle; includeInIndex = 0; path = KijijiTests.xctest; sourceTree = BUILT_PRODUCTS_DIR; };
		A32FE317298ABD4F0016FA34 /* KijijiTests.swift */ = {isa = PBXFileReference; lastKnownFileType = sourcecode.swift; path = KijijiTests.swift; sourceTree = "<group>"; };
		A32FE31D298ABD4F0016FA34 /* KijijiUITests.xctest */ = {isa = PBXFileReference; explicitFileType = wrapper.cfbundle; includeInIndex = 0; path = KijijiUITests.xctest; sourceTree = BUILT_PRODUCTS_DIR; };
		A32FE321298ABD4F0016FA34 /* KijijiUITests.swift */ = {isa = PBXFileReference; lastKnownFileType = sourcecode.swift; path = KijijiUITests.swift; sourceTree = "<group>"; };
		A32FE323298ABD4F0016FA34 /* KijijiUITestsLaunchTests.swift */ = {isa = PBXFileReference; lastKnownFileType = sourcecode.swift; path = KijijiUITestsLaunchTests.swift; sourceTree = "<group>"; };
/* End PBXFileReference section */

/* Begin PBXFrameworksBuildPhase section */
		A32FE2FA298ABD4E0016FA34 /* Frameworks */ = {
			isa = PBXFrameworksBuildPhase;
			buildActionMask = 2147483647;
			files = (
			);
			runOnlyForDeploymentPostprocessing = 0;
		};
		A32FE310298ABD4F0016FA34 /* Frameworks */ = {
			isa = PBXFrameworksBuildPhase;
			buildActionMask = 2147483647;
			files = (
			);
			runOnlyForDeploymentPostprocessing = 0;
		};
		A32FE31A298ABD4F0016FA34 /* Frameworks */ = {
			isa = PBXFrameworksBuildPhase;
			buildActionMask = 2147483647;
			files = (
			);
			runOnlyForDeploymentPostprocessing = 0;
		};
/* End PBXFrameworksBuildPhase section */

/* Begin PBXGroup section */
		A32FE2F4298ABD4E0016FA34 = {
			isa = PBXGroup;
			children = (
				A32FE2FF298ABD4E0016FA34 /* Kijiji */,
				A32FE316298ABD4F0016FA34 /* KijijiTests */,
				A32FE320298ABD4F0016FA34 /* KijijiUITests */,
				A32FE2FE298ABD4E0016FA34 /* Products */,
			);
			sourceTree = "<group>";
		};
		A32FE2FE298ABD4E0016FA34 /* Products */ = {
			isa = PBXGroup;
			children = (
				A32FE2FD298ABD4E0016FA34 /* Kijiji.app */,
				A32FE313298ABD4F0016FA34 /* KijijiTests.xctest */,
				A32FE31D298ABD4F0016FA34 /* KijijiUITests.xctest */,
			);
			name = Products;
			sourceTree = "<group>";
		};
		A32FE2FF298ABD4E0016FA34 /* Kijiji */ = {
			isa = PBXGroup;
			children = (
				A32FE300298ABD4E0016FA34 /* AppDelegate.swift */,
				A32FE302298ABD4E0016FA34 /* SceneDelegate.swift */,
				A32FE304298ABD4E0016FA34 /* ViewController.swift */,
				A32FE306298ABD4E0016FA34 /* Main.storyboard */,
				A32FE309298ABD4F0016FA34 /* Assets.xcassets */,
				A32FE30B298ABD4F0016FA34 /* LaunchScreen.storyboard */,
				A32FE30E298ABD4F0016FA34 /* Info.plist */,
			);
			path = Kijiji;
			sourceTree = "<group>";
		};
		A32FE316298ABD4F0016FA34 /* KijijiTests */ = {
			isa = PBXGroup;
			children = (
				A32FE317298ABD4F0016FA34 /* KijijiTests.swift */,
			);
			path = KijijiTests;
			sourceTree = "<group>";
		};
		A32FE320298ABD4F0016FA34 /* KijijiUITests */ = {
			isa = PBXGroup;
			children = (
				A32FE321298ABD4F0016FA34 /* KijijiUITests.swift */,
				A32FE323298ABD4F0016FA34 /* KijijiUITestsLaunchTests.swift */,
			);
			path = KijijiUITests;
			sourceTree = "<group>";
		};
/* End PBXGroup section */

/* Begin PBXNativeTarget section */
		A32FE2FC298ABD4E0016FA34 /* Kijiji */ = {
			isa = PBXNativeTarget;
			buildConfigurationList = A32FE327298ABD4F0016FA34 /* Build configuration list for PBXNativeTarget "Kijiji" */;
			buildPhases = (
				A32FE2F9298ABD4E0016FA34 /* Sources */,
				A32FE2FA298ABD4E0016FA34 /* Frameworks */,
				A32FE2FB298ABD4E0016FA34 /* Resources */,
			);
			buildRules = (
			);
			dependencies = (
			);
			name = Kijiji;
			productName = Kijiji;
			productReference = A32FE2FD298ABD4E0016FA34 /* Kijiji.app */;
			productType = "com.apple.product-type.application";
		};
		A32FE312298ABD4F0016FA34 /* KijijiTests */ = {
			isa = PBXNativeTarget;
			buildConfigurationList = A32FE32A298ABD4F0016FA34 /* Build configuration list for PBXNativeTarget "KijijiTests" */;
			buildPhases = (
				A32FE30F298ABD4F0016FA34 /* Sources */,
				A32FE310298ABD4F0016FA34 /* Frameworks */,
				A32FE311298ABD4F0016FA34 /* Resources */,
			);
			buildRules = (
			);
			dependencies = (
				A32FE315298ABD4F0016FA34 /* PBXTargetDependency */,
			);
			name = KijijiTests;
			productName = KijijiTests;
			productReference = A32FE313298ABD4F0016FA34 /* KijijiTests.xctest */;
			productType = "com.apple.product-type.bundle.unit-test";
		};
		A32FE31C298ABD4F0016FA34 /* KijijiUITests */ = {
			isa = PBXNativeTarget;
			buildConfigurationList = A32FE32D298ABD4F0016FA34 /* Build configuration list for PBXNativeTarget "KijijiUITests" */;
			buildPhases = (
				A32FE319298ABD4F0016FA34 /* Sources */,
				A32FE31A298ABD4F0016FA34 /* Frameworks */,
				A32FE31B298ABD4F0016FA34 /* Resources */,
			);
			buildRules = (
			);
			dependencies = (
				A32FE31F298ABD4F0016FA34 /* PBXTargetDependency */,
			);
			name = KijijiUITests;
			productName = KijijiUITests;
			productReference = A32FE31D298ABD4F0016FA34 /* KijijiUITests.xctest */;
			productType = "com.apple.product-type.bundle.ui-testing";
		};
/* End PBXNativeTarget section */

/* Begin PBXProject section */
		A32FE2F5298ABD4E0016FA34 /* Project object */ = {
			isa = PBXProject;
			attributes = {
				BuildIndependentTargetsInParallel = 1;
				LastSwiftUpdateCheck = 1420;
				LastUpgradeCheck = 1420;
				TargetAttributes = {
					A32FE2FC298ABD4E0016FA34 = {
						CreatedOnToolsVersion = 14.2;
					};
					A32FE312298ABD4F0016FA34 = {
						CreatedOnToolsVersion = 14.2;
						TestTargetID = A32FE2FC298ABD4E0016FA34;
					};
					A32FE31C298ABD4F0016FA34 = {
						CreatedOnToolsVersion = 14.2;
						TestTargetID = A32FE2FC298ABD4E0016FA34;
					};
				};
			};
			buildConfigurationList = A32FE2F8298ABD4E0016FA34 /* Build configuration list for PBXProject "Kijiji" */;
			compatibilityVersion = "Xcode 14.0";
			developmentRegion = en;
			hasScannedForEncodings = 0;
			knownRegions = (
				en,
				Base,
			);
			mainGroup = A32FE2F4298ABD4E0016FA34;
			productRefGroup = A32FE2FE298ABD4E0016FA34 /* Products */;
			projectDirPath = "";
			projectRoot = "";
			targets = (
				A32FE2FC298ABD4E0016FA34 /* Kijiji */,
				A32FE312298ABD4F0016FA34 /* KijijiTests */,
				A32FE31C298ABD4F0016FA34 /* KijijiUITests */,
			);
		};
/* End PBXProject section */

/* Begin PBXResourcesBuildPhase section */
		A32FE2FB298ABD4E0016FA34 /* Resources */ = {
			isa = PBXResourcesBuildPhase;
			buildActionMask = 2147483647;
			files = (
				A32FE30D298ABD4F0016FA34 /* LaunchScreen.storyboard in Resources */,
				A32FE30A298ABD4F0016FA34 /* Assets.xcassets in Resources */,
				A32FE308298ABD4E0016FA34 /* Main.storyboard in Resources */,
			);
			runOnlyForDeploymentPostprocessing = 0;
		};
		A32FE311298ABD4F0016FA34 /* Resources */ = {
			isa = PBXResourcesBuildPhase;
			buildActionMask = 2147483647;
			files = (
			);
			runOnlyForDeploymentPostprocessing = 0;
		};
		A32FE31B298ABD4F0016FA34 /* Resources */ = {
			isa = PBXResourcesBuildPhase;
			buildActionMask = 2147483647;
			files = (
			);
			runOnlyForDeploymentPostprocessing = 0;
		};
/* End PBXResourcesBuildPhase section */

/* Begin PBXSourcesBuildPhase section */
		A32FE2F9298ABD4E0016FA34 /* Sources */ = {
			isa = PBXSourcesBuildPhase;
			buildActionMask = 2147483647;
			files = (
				A32FE305298ABD4E0016FA34 /* ViewController.swift in Sources */,
				A32FE301298ABD4E0016FA34 /* AppDelegate.swift in Sources */,
				A32FE303298ABD4E0016FA34 /* SceneDelegate.swift in Sources */,
			);
			runOnlyForDeploymentPostprocessing = 0;
		};
		A32FE30F298ABD4F0016FA34 /* Sources */ = {
			isa = PBXSourcesBuildPhase;
			buildActionMask = 2147483647;
			files = (
				A32FE318298ABD4F0016FA34 /* KijijiTests.swift in Sources */,
			);
			runOnlyForDeploymentPostprocessing = 0;
		};
		A32FE319298ABD4F0016FA34 /* Sources */ = {
			isa = PBXSourcesBuildPhase;
			buildActionMask = 2147483647;
			files = (
				A32FE324298ABD4F0016FA34 /* KijijiUITestsLaunchTests.swift in Sources */,
				A32FE322298ABD4F0016FA34 /* KijijiUITests.swift in Sources */,
			);
			runOnlyForDeploymentPostprocessing = 0;
		};
/* End PBXSourcesBuildPhase section */

/* Begin PBXTargetDependency section */
		A32FE315298ABD4F0016FA34 /* PBXTargetDependency */ = {
			isa = PBXTargetDependency;
			target = A32FE2FC298ABD4E0016FA34 /* Kijiji */;
			targetProxy = A32FE314298ABD4F0016FA34 /* PBXContainerItemProxy */;
		};
		A32FE31F298ABD4F0016FA34 /* PBXTargetDependency */ = {
			isa = PBXTargetDependency;
			target = A32FE2FC298ABD4E0016FA34 /* Kijiji */;
			targetProxy = A32FE31E298ABD4F0016FA34 /* PBXContainerItemProxy */;
		};
/* End PBXTargetDependency section */

/* Begin PBXVariantGroup section */
		A32FE306298ABD4E0016FA34 /* Main.storyboard */ = {
			isa = PBXVariantGroup;
			children = (
				A32FE307298ABD4E0016FA34 /* Base */,
			);
			name = Main.storyboard;
			sourceTree = "<group>";
		};
		A32FE30B298ABD4F0016FA34 /* LaunchScreen.storyboard */ = {
			isa = PBXVariantGroup;
			children = (
				A32FE30C298ABD4F0016FA34 /* Base */,
			);
			name = LaunchScreen.storyboard;
			sourceTree = "<group>";
		};
/* End PBXVariantGroup section */

/* Begin XCBuildConfiguration section */
		A32FE325298ABD4F0016FA34 /* Debug */ = {
			isa = XCBuildConfiguration;
			buildSettings = {
				ALWAYS_SEARCH_USER_PATHS = NO;
				CLANG_ANALYZER_NONNULL = YES;
				CLANG_ANALYZER_NUMBER_OBJECT_CONVERSION = YES_AGGRESSIVE;
				CLANG_CXX_LANGUAGE_STANDARD = "gnu++20";
				CLANG_ENABLE_MODULES = YES;
				CLANG_ENABLE_OBJC_ARC = YES;
				CLANG_ENABLE_OBJC_WEAK = YES;
				CLANG_WARN_BLOCK_CAPTURE_AUTORELEASING = YES;
				CLANG_WARN_BOOL_CONVERSION = YES;
				CLANG_WARN_COMMA = YES;
				CLANG_WARN_CONSTANT_CONVERSION = YES;
				CLANG_WARN_DEPRECATED_OBJC_IMPLEMENTATIONS = YES;
				CLANG_WARN_DIRECT_OBJC_ISA_USAGE = YES_ERROR;
				CLANG_WARN_DOCUMENTATION_COMMENTS = YES;
				CLANG_WARN_EMPTY_BODY = YES;
				CLANG_WARN_ENUM_CONVERSION = YES;
				CLANG_WARN_INFINITE_RECURSION = YES;
				CLANG_WARN_INT_CONVERSION = YES;
				CLANG_WARN_NON_LITERAL_NULL_CONVERSION = YES;
				CLANG_WARN_OBJC_IMPLICIT_RETAIN_SELF = YES;
				CLANG_WARN_OBJC_LITERAL_CONVERSION = YES;
				CLANG_WARN_OBJC_ROOT_CLASS = YES_ERROR;
				CLANG_WARN_QUOTED_INCLUDE_IN_FRAMEWORK_HEADER = YES;
				CLANG_WARN_RANGE_LOOP_ANALYSIS = YES;
				CLANG_WARN_STRICT_PROTOTYPES = YES;
				CLANG_WARN_SUSPICIOUS_MOVE = YES;
				CLANG_WARN_UNGUARDED_AVAILABILITY = YES_AGGRESSIVE;
				CLANG_WARN_UNREACHABLE_CODE = YES;
				CLANG_WARN__DUPLICATE_METHOD_MATCH = YES;
				COPY_PHASE_STRIP = NO;
				DEBUG_INFORMATION_FORMAT = dwarf;
				ENABLE_STRICT_OBJC_MSGSEND = YES;
				ENABLE_TESTABILITY = YES;
				GCC_C_LANGUAGE_STANDARD = gnu11;
				GCC_DYNAMIC_NO_PIC = NO;
				GCC_NO_COMMON_BLOCKS = YES;
				GCC_OPTIMIZATION_LEVEL = 0;
				GCC_PREPROCESSOR_DEFINITIONS = (
					"DEBUG=1",
					"$(inherited)",
				);
				GCC_WARN_64_TO_32_BIT_CONVERSION = YES;
				GCC_WARN_ABOUT_RETURN_TYPE = YES_ERROR;
				GCC_WARN_UNDECLARED_SELECTOR = YES;
				GCC_WARN_UNINITIALIZED_AUTOS = YES_AGGRESSIVE;
				GCC_WARN_UNUSED_FUNCTION = YES;
				GCC_WARN_UNUSED_VARIABLE = YES;
				IPHONEOS_DEPLOYMENT_TARGET = 16.2;
				MTL_ENABLE_DEBUG_INFO = INCLUDE_SOURCE;
				MTL_FAST_MATH = YES;
				ONLY_ACTIVE_ARCH = YES;
				SDKROOT = iphoneos;
				SWIFT_ACTIVE_COMPILATION_CONDITIONS = DEBUG;
				SWIFT_OPTIMIZATION_LEVEL = "-Onone";
			};
			name = Debug;
		};
		A32FE326298ABD4F0016FA34 /* Release */ = {
			isa = XCBuildConfiguration;
			buildSettings = {
				ALWAYS_SEARCH_USER_PATHS = NO;
				CLANG_ANALYZER_NONNULL = YES;
				CLANG_ANALYZER_NUMBER_OBJECT_CONVERSION = YES_AGGRESSIVE;
				CLANG_CXX_LANGUAGE_STANDARD = "gnu++20";
				CLANG_ENABLE_MODULES = YES;
				CLANG_ENABLE_OBJC_ARC = YES;
				CLANG_ENABLE_OBJC_WEAK = YES;
				CLANG_WARN_BLOCK_CAPTURE_AUTORELEASING = YES;
				CLANG_WARN_BOOL_CONVERSION = YES;
				CLANG_WARN_COMMA = YES;
				CLANG_WARN_CONSTANT_CONVERSION = YES;
				CLANG_WARN_DEPRECATED_OBJC_IMPLEMENTATIONS = YES;
				CLANG_WARN_DIRECT_OBJC_ISA_USAGE = YES_ERROR;
				CLANG_WARN_DOCUMENTATION_COMMENTS = YES;
				CLANG_WARN_EMPTY_BODY = YES;
				CLANG_WARN_ENUM_CONVERSION = YES;
				CLANG_WARN_INFINITE_RECURSION = YES;
				CLANG_WARN_INT_CONVERSION = YES;
				CLANG_WARN_NON_LITERAL_NULL_CONVERSION = YES;
				CLANG_WARN_OBJC_IMPLICIT_RETAIN_SELF = YES;
				CLANG_WARN_OBJC_LITERAL_CONVERSION = YES;
				CLANG_WARN_OBJC_ROOT_CLASS = YES_ERROR;
				CLANG_WARN_QUOTED_INCLUDE_IN_FRAMEWORK_HEADER = YES;
				CLANG_WARN_RANGE_LOOP_ANALYSIS = YES;
				CLANG_WARN_STRICT_PROTOTYPES = YES;
				CLANG_WARN_SUSPICIOUS_MOVE = YES;
				CLANG_WARN_UNGUARDED_AVAILABILITY = YES_AGGRESSIVE;
				CLANG_WARN_UNREACHABLE_CODE = YES;
				CLANG_WARN__DUPLICATE_METHOD_MATCH = YES;
				COPY_PHASE_STRIP = NO;
				DEBUG_INFORMATION_FORMAT = "dwarf-with-dsym";
				ENABLE_NS_ASSERTIONS = NO;
				ENABLE_STRICT_OBJC_MSGSEND = YES;
				GCC_C_LANGUAGE_STANDARD = gnu11;
				GCC_NO_COMMON_BLOCKS = YES;
				GCC_WARN_64_TO_32_BIT_CONVERSION = YES;
				GCC_WARN_ABOUT_RETURN_TYPE = YES_ERROR;
				GCC_WARN_UNDECLARED_SELECTOR = YES;
				GCC_WARN_UNINITIALIZED_AUTOS = YES_AGGRESSIVE;
				GCC_WARN_UNUSED_FUNCTION = YES;
				GCC_WARN_UNUSED_VARIABLE = YES;
				IPHONEOS_DEPLOYMENT_TARGET = 16.2;
				MTL_ENABLE_DEBUG_INFO = NO;
				MTL_FAST_MATH = YES;
				SDKROOT = iphoneos;
				SWIFT_COMPILATION_MODE = wholemodule;
				SWIFT_OPTIMIZATION_LEVEL = "-O";
				VALIDATE_PRODUCT = YES;
			};
			name = Release;
		};
		A32FE328298ABD4F0016FA34 /* Debug */ = {
			isa = XCBuildConfiguration;
			buildSettings = {
				ASSETCATALOG_COMPILER_APPICON_NAME = AppIcon;
				ASSETCATALOG_COMPILER_GLOBAL_ACCENT_COLOR_NAME = AccentColor;
				CODE_SIGN_STYLE = Automatic;
				CURRENT_PROJECT_VERSION = 1;
				DEVELOPMENT_TEAM = XA84Z9Z2T7;
				GENERATE_INFOPLIST_FILE = YES;
				INFOPLIST_FILE = Kijiji/Info.plist;
				INFOPLIST_KEY_UIApplicationSupportsIndirectInputEvents = YES;
				INFOPLIST_KEY_UILaunchStoryboardName = LaunchScreen;
				INFOPLIST_KEY_UIMainStoryboardFile = Main;
				INFOPLIST_KEY_UISupportedInterfaceOrientations_iPad = "UIInterfaceOrientationPortrait UIInterfaceOrientationPortraitUpsideDown UIInterfaceOrientationLandscapeLeft UIInterfaceOrientationLandscapeRight";
				INFOPLIST_KEY_UISupportedInterfaceOrientations_iPhone = "UIInterfaceOrientationPortrait UIInterfaceOrientationLandscapeLeft UIInterfaceOrientationLandscapeRight";
				LD_RUNPATH_SEARCH_PATHS = (
					"$(inherited)",
					"@executable_path/Frameworks",
				);
				MARKETING_VERSION = 1.0;
				PRODUCT_BUNDLE_IDENTIFIER = com.bijansoft.Kijiji;
				PRODUCT_NAME = "$(TARGET_NAME)";
				SWIFT_EMIT_LOC_STRINGS = YES;
				SWIFT_VERSION = 5.0;
				TARGETED_DEVICE_FAMILY = "1,2";
			};
			name = Debug;
		};
		A32FE329298ABD4F0016FA34 /* Release */ = {
			isa = XCBuildConfiguration;
			buildSettings = {
				ASSETCATALOG_COMPILER_APPICON_NAME = AppIcon;
				ASSETCATALOG_COMPILER_GLOBAL_ACCENT_COLOR_NAME = AccentColor;
				CODE_SIGN_STYLE = Automatic;
				CURRENT_PROJECT_VERSION = 1;
				DEVELOPMENT_TEAM = XA84Z9Z2T7;
				GENERATE_INFOPLIST_FILE = YES;
				INFOPLIST_FILE = Kijiji/Info.plist;
				INFOPLIST_KEY_UIApplicationSupportsIndirectInputEvents = YES;
				INFOPLIST_KEY_UILaunchStoryboardName = LaunchScreen;
				INFOPLIST_KEY_UIMainStoryboardFile = Main;
				INFOPLIST_KEY_UISupportedInterfaceOrientations_iPad = "UIInterfaceOrientationPortrait UIInterfaceOrientationPortraitUpsideDown UIInterfaceOrientationLandscapeLeft UIInterfaceOrientationLandscapeRight";
				INFOPLIST_KEY_UISupportedInterfaceOrientations_iPhone = "UIInterfaceOrientationPortrait UIInterfaceOrientationLandscapeLeft UIInterfaceOrientationLandscapeRight";
				LD_RUNPATH_SEARCH_PATHS = (
					"$(inherited)",
					"@executable_path/Frameworks",
				);
				MARKETING_VERSION = 1.0;
				PRODUCT_BUNDLE_IDENTIFIER = com.bijansoft.Kijiji;
				PRODUCT_NAME = "$(TARGET_NAME)";
				SWIFT_EMIT_LOC_STRINGS = YES;
				SWIFT_VERSION = 5.0;
				TARGETED_DEVICE_FAMILY = "1,2";
			};
			name = Release;
		};
		A32FE32B298ABD4F0016FA34 /* Debug */ = {
			isa = XCBuildConfiguration;
			buildSettings = {
				ALWAYS_EMBED_SWIFT_STANDARD_LIBRARIES = YES;
				BUNDLE_LOADER = "$(TEST_HOST)";
				CODE_SIGN_STYLE = Automatic;
				CURRENT_PROJECT_VERSION = 1;
				DEVELOPMENT_TEAM = XA84Z9Z2T7;
				GENERATE_INFOPLIST_FILE = YES;
				IPHONEOS_DEPLOYMENT_TARGET = 16.2;
				MARKETING_VERSION = 1.0;
				PRODUCT_BUNDLE_IDENTIFIER = com.bijansoft.KijijiTests;
				PRODUCT_NAME = "$(TARGET_NAME)";
				SWIFT_EMIT_LOC_STRINGS = NO;
				SWIFT_VERSION = 5.0;
				TARGETED_DEVICE_FAMILY = "1,2";
				TEST_HOST = "$(BUILT_PRODUCTS_DIR)/Kijiji.app/$(BUNDLE_EXECUTABLE_FOLDER_PATH)/Kijiji";
			};
			name = Debug;
		};
		A32FE32C298ABD4F0016FA34 /* Release */ = {
			isa = XCBuildConfiguration;
			buildSettings = {
				ALWAYS_EMBED_SWIFT_STANDARD_LIBRARIES = YES;
				BUNDLE_LOADER = "$(TEST_HOST)";
				CODE_SIGN_STYLE = Automatic;
				CURRENT_PROJECT_VERSION = 1;
				DEVELOPMENT_TEAM = XA84Z9Z2T7;
				GENERATE_INFOPLIST_FILE = YES;
				IPHONEOS_DEPLOYMENT_TARGET = 16.2;
				MARKETING_VERSION = 1.0;
				PRODUCT_BUNDLE_IDENTIFIER = com.bijansoft.KijijiTests;
				PRODUCT_NAME = "$(TARGET_NAME)";
				SWIFT_EMIT_LOC_STRINGS = NO;
				SWIFT_VERSION = 5.0;
				TARGETED_DEVICE_FAMILY = "1,2";
				TEST_HOST = "$(BUILT_PRODUCTS_DIR)/Kijiji.app/$(BUNDLE_EXECUTABLE_FOLDER_PATH)/Kijiji";
			};
			name = Release;
		};
		A32FE32E298ABD4F0016FA34 /* Debug */ = {
			isa = XCBuildConfiguration;
			buildSettings = {
				ALWAYS_EMBED_SWIFT_STANDARD_LIBRARIES = YES;
				CODE_SIGN_STYLE = Automatic;
				CURRENT_PROJECT_VERSION = 1;
				DEVELOPMENT_TEAM = XA84Z9Z2T7;
				GENERATE_INFOPLIST_FILE = YES;
				MARKETING_VERSION = 1.0;
				PRODUCT_BUNDLE_IDENTIFIER = com.bijansoft.KijijiUITests;
				PRODUCT_NAME = "$(TARGET_NAME)";
				SWIFT_EMIT_LOC_STRINGS = NO;
				SWIFT_VERSION = 5.0;
				TARGETED_DEVICE_FAMILY = "1,2";
				TEST_TARGET_NAME = Kijiji;
			};
			name = Debug;
		};
		A32FE32F298ABD4F0016FA34 /* Release */ = {
			isa = XCBuildConfiguration;
			buildSettings = {
				ALWAYS_EMBED_SWIFT_STANDARD_LIBRARIES = YES;
				CODE_SIGN_STYLE = Automatic;
				CURRENT_PROJECT_VERSION = 1;
				DEVELOPMENT_TEAM = XA84Z9Z2T7;
				GENERATE_INFOPLIST_FILE = YES;
				MARKETING_VERSION = 1.0;
				PRODUCT_BUNDLE_IDENTIFIER = com.bijansoft.KijijiUITests;
				PRODUCT_NAME = "$(TARGET_NAME)";
				SWIFT_EMIT_LOC_STRINGS = NO;
				SWIFT_VERSION = 5.0;
				TARGETED_DEVICE_FAMILY = "1,2";
				TEST_TARGET_NAME = Kijiji;
			};
			name = Release;
		};
/* End XCBuildConfiguration section */

/* Begin XCConfigurationList section */
		A32FE2F8298ABD4E0016FA34 /* Build configuration list for PBXProject "Kijiji" */ = {
			isa = XCConfigurationList;
			buildConfigurations = (
				A32FE325298ABD4F0016FA34 /* Debug */,
				A32FE326298ABD4F0016FA34 /* Release */,
			);
			defaultConfigurationIsVisible = 0;
			defaultConfigurationName = Release;
		};
		A32FE327298ABD4F0016FA34 /* Build configuration list for PBXNativeTarget "Kijiji" */ = {
			isa = XCConfigurationList;
			buildConfigurations = (
				A32FE328298ABD4F0016FA34 /* Debug */,
				A32FE329298ABD4F0016FA34 /* Release */,
			);
			defaultConfigurationIsVisible = 0;
			defaultConfigurationName = Release;
		};
		A32FE32A298ABD4F0016FA34 /* Build configuration list for PBXNativeTarget "KijijiTests" */ = {
			isa = XCConfigurationList;
			buildConfigurations = (
				A32FE32B298ABD4F0016FA34 /* Debug */,
				A32FE32C298ABD4F0016FA34 /* Release */,
			);
			defaultConfigurationIsVisible = 0;
			defaultConfigurationName = Release;
		};
		A32FE32D298ABD4F0016FA34 /* Build configuration list for PBXNativeTarget "KijijiUITests" */ = {
			isa = XCConfigurationList;
			buildConfigurations = (
				A32FE32E298ABD4F0016FA34 /* Debug */,
				A32FE32F298ABD4F0016FA34 /* Release */,
			);
			defaultConfigurationIsVisible = 0;
			defaultConfigurationName = Release;
		};
/* End XCConfigurationList section */
	};
	rootObject = A32FE2F5298ABD4E0016FA34 /* Project object */;
}
